// !$*UTF8*$!
{
	archiveVersion = 1;
	classes = {
	};
	objectVersion = 56;
	objects = {

/* Begin PBXBuildFile section */
		FA4DEABF29E690C900EE464E /* AppDelegate.swift in Sources */ = {isa = PBXBuildFile; fileRef = FA4DEABE29E690C900EE464E /* AppDelegate.swift */; };
		FA4DEAC329E690C900EE464E /* HomeVC.swift in Sources */ = {isa = PBXBuildFile; fileRef = FA4DEAC229E690C900EE464E /* HomeVC.swift */; };
		FA4DEAC829E690CF00EE464E /* Assets.xcassets in Resources */ = {isa = PBXBuildFile; fileRef = FA4DEAC729E690CF00EE464E /* Assets.xcassets */; };
		FA4DEACB29E690CF00EE464E /* LaunchScreen.storyboard in Resources */ = {isa = PBXBuildFile; fileRef = FA4DEAC929E690CF00EE464E /* LaunchScreen.storyboard */; };
		FA4DEAD629E6963800EE464E /* Router.swift in Sources */ = {isa = PBXBuildFile; fileRef = FA4DEAD529E6963800EE464E /* Router.swift */; };
		FA4DEAD829E6968200EE464E /* BaseViewController.swift in Sources */ = {isa = PBXBuildFile; fileRef = FA4DEAD729E6968200EE464E /* BaseViewController.swift */; };
		FA4DEADA29E6983A00EE464E /* TabBar.swift in Sources */ = {isa = PBXBuildFile; fileRef = FA4DEAD929E6983A00EE464E /* TabBar.swift */; };
		FA4DEADC29E698C400EE464E /* HomeViewModel.swift in Sources */ = {isa = PBXBuildFile; fileRef = FA4DEADB29E698C400EE464E /* HomeViewModel.swift */; };
		FA4DEADE29E6AAFC00EE464E /* InitalVC.swift in Sources */ = {isa = PBXBuildFile; fileRef = FA4DEADD29E6AAFB00EE464E /* InitalVC.swift */; };
		FA4DEAE029E6AB2500EE464E /* GetStartedVC.swift in Sources */ = {isa = PBXBuildFile; fileRef = FA4DEADF29E6AB2500EE464E /* GetStartedVC.swift */; };
		FA4DEAE329E6AD6100EE464E /* SnapKit in Frameworks */ = {isa = PBXBuildFile; productRef = FA4DEAE229E6AD6100EE464E /* SnapKit */; };
		FA4DEAE529E6AE0800EE464E /* InitialViewModel.swift in Sources */ = {isa = PBXBuildFile; fileRef = FA4DEAE429E6AE0800EE464E /* InitialViewModel.swift */; };
		FA4DEAE729E6AE3200EE464E /* GetStartedViewModel.swift in Sources */ = {isa = PBXBuildFile; fileRef = FA4DEAE629E6AE3200EE464E /* GetStartedViewModel.swift */; };
		FA4DEAEB29E6C0AE00EE464E /* InitialCollectionVCell.swift in Sources */ = {isa = PBXBuildFile; fileRef = FA4DEAEA29E6C0AE00EE464E /* InitialCollectionVCell.swift */; };
		FA4DEAED29E7EBF000EE464E /* LoginVC.swift in Sources */ = {isa = PBXBuildFile; fileRef = FA4DEAEC29E7EBEF00EE464E /* LoginVC.swift */; };
		FA4DEAEF29E7EC0900EE464E /* LoginViewModel.swift in Sources */ = {isa = PBXBuildFile; fileRef = FA4DEAEE29E7EC0900EE464E /* LoginViewModel.swift */; };
		FA4DEAF229E7EFBA00EE464E /* UITextfield+Extention.swift in Sources */ = {isa = PBXBuildFile; fileRef = FA4DEAF129E7EFBA00EE464E /* UITextfield+Extention.swift */; };
		FA4DEAF429E7FCD100EE464E /* UIButton+Extention.swift in Sources */ = {isa = PBXBuildFile; fileRef = FA4DEAF329E7FCD100EE464E /* UIButton+Extention.swift */; };
		FA4DEAF629E8224000EE464E /* ForgotPasswordVC.swift in Sources */ = {isa = PBXBuildFile; fileRef = FA4DEAF529E8224000EE464E /* ForgotPasswordVC.swift */; };
		FA4DEAF829E8225D00EE464E /* ForgotPasswordViewModel.swift in Sources */ = {isa = PBXBuildFile; fileRef = FA4DEAF729E8225D00EE464E /* ForgotPasswordViewModel.swift */; };
		FABFC89929E8848C00BE72D2 /* SignUpVC.swift in Sources */ = {isa = PBXBuildFile; fileRef = FABFC89829E8848B00BE72D2 /* SignUpVC.swift */; };
		FABFC89B29E884A800BE72D2 /* SignUpViewModel.swift in Sources */ = {isa = PBXBuildFile; fileRef = FABFC89A29E884A800BE72D2 /* SignUpViewModel.swift */; };
		FABFC89D29E8911000BE72D2 /* FavoriteTopicVC.swift in Sources */ = {isa = PBXBuildFile; fileRef = FABFC89C29E8911000BE72D2 /* FavoriteTopicVC.swift */; };
		FABFC89F29E8912600BE72D2 /* FavoriteTopicViewModel.swift in Sources */ = {isa = PBXBuildFile; fileRef = FABFC89E29E8912600BE72D2 /* FavoriteTopicViewModel.swift */; };
		FABFC8A129E8933F00BE72D2 /* FavoriteCollectionVCell.swift in Sources */ = {isa = PBXBuildFile; fileRef = FABFC8A029E8933F00BE72D2 /* FavoriteCollectionVCell.swift */; };
		FABFC8A529E9610E00BE72D2 /* HomeCategoryCollectioVCell.swift in Sources */ = {isa = PBXBuildFile; fileRef = FABFC8A429E9610E00BE72D2 /* HomeCategoryCollectioVCell.swift */; };
		FABFC8A729E9688800BE72D2 /* HomeTopicCategryCollectionVCell.swift in Sources */ = {isa = PBXBuildFile; fileRef = FABFC8A629E9688800BE72D2 /* HomeTopicCategryCollectionVCell.swift */; };
		FABFC8AB29E976B900BE72D2 /* HomeRecommendCVCell.swift in Sources */ = {isa = PBXBuildFile; fileRef = FABFC8AA29E976B900BE72D2 /* HomeRecommendCVCell.swift */; };
		FABFC8AD29E97BEB00BE72D2 /* HomeClickRecommendCVCell.swift in Sources */ = {isa = PBXBuildFile; fileRef = FABFC8AC29E97BEB00BE72D2 /* HomeClickRecommendCVCell.swift */; };
		FABFC8AF29EA006900BE72D2 /* CategoryVC.swift in Sources */ = {isa = PBXBuildFile; fileRef = FABFC8AE29EA006900BE72D2 /* CategoryVC.swift */; };
		FABFC8B129EA008000BE72D2 /* BookmarkVC.swift in Sources */ = {isa = PBXBuildFile; fileRef = FABFC8B029EA008000BE72D2 /* BookmarkVC.swift */; };
		FABFC8B329EA009500BE72D2 /* ProfileVC.swift in Sources */ = {isa = PBXBuildFile; fileRef = FABFC8B229EA009500BE72D2 /* ProfileVC.swift */; };
		FABFC8B529EA00AD00BE72D2 /* CategoryViewModel.swift in Sources */ = {isa = PBXBuildFile; fileRef = FABFC8B429EA00AD00BE72D2 /* CategoryViewModel.swift */; };
		FABFC8B729EA00CA00BE72D2 /* BookmarkViewModel.swift in Sources */ = {isa = PBXBuildFile; fileRef = FABFC8B629EA00CA00BE72D2 /* BookmarkViewModel.swift */; };
		FABFC8B929EA00E900BE72D2 /* ProfileViewModel.swift in Sources */ = {isa = PBXBuildFile; fileRef = FABFC8B829EA00E900BE72D2 /* ProfileViewModel.swift */; };
		FABFC8BB29EB402500BE72D2 /* ProfileCollectioVCell.swift in Sources */ = {isa = PBXBuildFile; fileRef = FABFC8BA29EB402400BE72D2 /* ProfileCollectioVCell.swift */; };
		FABFC8BD29EB418800BE72D2 /* ProfileCVModel.swift in Sources */ = {isa = PBXBuildFile; fileRef = FABFC8BC29EB418800BE72D2 /* ProfileCVModel.swift */; };
		FABFC8BF29EB4BF100BE72D2 /* LanguageVC.swift in Sources */ = {isa = PBXBuildFile; fileRef = FABFC8BE29EB4BF100BE72D2 /* LanguageVC.swift */; };
		FABFC8C129EB4C0500BE72D2 /* TermsVC.swift in Sources */ = {isa = PBXBuildFile; fileRef = FABFC8C029EB4C0500BE72D2 /* TermsVC.swift */; };
		FABFC8C329EB4C1D00BE72D2 /* ChangPasswordVC.swift in Sources */ = {isa = PBXBuildFile; fileRef = FABFC8C229EB4C1D00BE72D2 /* ChangPasswordVC.swift */; };
		FABFC8C529EB4CAF00BE72D2 /* AboutUsVC.swift in Sources */ = {isa = PBXBuildFile; fileRef = FABFC8C429EB4CAF00BE72D2 /* AboutUsVC.swift */; };
		FABFC8C729EB4CD700BE72D2 /* LanguageViewModel.swift in Sources */ = {isa = PBXBuildFile; fileRef = FABFC8C629EB4CD700BE72D2 /* LanguageViewModel.swift */; };
		FABFC8C929EB4CF800BE72D2 /* ChangePasswordViewModel.swift in Sources */ = {isa = PBXBuildFile; fileRef = FABFC8C829EB4CF800BE72D2 /* ChangePasswordViewModel.swift */; };
		FABFC8CB29EB4D1700BE72D2 /* TermsViewModel.swift in Sources */ = {isa = PBXBuildFile; fileRef = FABFC8CA29EB4D1700BE72D2 /* TermsViewModel.swift */; };
		FABFC8CD29EB4D3300BE72D2 /* AboutUsViewModel.swift in Sources */ = {isa = PBXBuildFile; fileRef = FABFC8CC29EB4D3300BE72D2 /* AboutUsViewModel.swift */; };
		FABFC8D029ED256D00BE72D2 /* FirebaseAuth in Frameworks */ = {isa = PBXBuildFile; productRef = FABFC8CF29ED256D00BE72D2 /* FirebaseAuth */; };
		FABFC8D229ED256D00BE72D2 /* FirebaseDatabase in Frameworks */ = {isa = PBXBuildFile; productRef = FABFC8D129ED256D00BE72D2 /* FirebaseDatabase */; };
		FABFC8D429ED256D00BE72D2 /* FirebaseFirestore in Frameworks */ = {isa = PBXBuildFile; productRef = FABFC8D329ED256D00BE72D2 /* FirebaseFirestore */; };
		FABFC8D629ED256D00BE72D2 /* FirebaseMessaging in Frameworks */ = {isa = PBXBuildFile; productRef = FABFC8D529ED256D00BE72D2 /* FirebaseMessaging */; };
		FABFC8D829ED256D00BE72D2 /* FirebaseStorage in Frameworks */ = {isa = PBXBuildFile; productRef = FABFC8D729ED256D00BE72D2 /* FirebaseStorage */; };
		FABFC8DA29ED25A800BE72D2 /* GoogleService-Info.plist in Resources */ = {isa = PBXBuildFile; fileRef = FABFC8D929ED25A700BE72D2 /* GoogleService-Info.plist */; };
		FABFC8DD29ED25F400BE72D2 /* AuthRequest.swift in Sources */ = {isa = PBXBuildFile; fileRef = FABFC8DC29ED25F400BE72D2 /* AuthRequest.swift */; };
		FABFC8E029ED268F00BE72D2 /* Promises in Frameworks */ = {isa = PBXBuildFile; productRef = FABFC8DF29ED268F00BE72D2 /* Promises */; };
		FABFC8E329ED270B00BE72D2 /* Alamofire in Frameworks */ = {isa = PBXBuildFile; productRef = FABFC8E229ED270B00BE72D2 /* Alamofire */; };
		FABFC8E529EEC6E900BE72D2 /* StorageRequest.swift in Sources */ = {isa = PBXBuildFile; fileRef = FABFC8E429EEC6E900BE72D2 /* StorageRequest.swift */; };
		FABFC8E829EFEB4100BE72D2 /* GoogleSignIn in Frameworks */ = {isa = PBXBuildFile; productRef = FABFC8E729EFEB4100BE72D2 /* GoogleSignIn */; };
		FABFC8EE29F1393100BE72D2 /* NewsDTO.swift in Sources */ = {isa = PBXBuildFile; fileRef = FABFC8ED29F1393100BE72D2 /* NewsDTO.swift */; };
		FABFC8F029F13AFC00BE72D2 /* NewsRequest.swift in Sources */ = {isa = PBXBuildFile; fileRef = FABFC8EF29F13AFC00BE72D2 /* NewsRequest.swift */; };
		FABFC8F429F1D1D600BE72D2 /* BookMarkCVModel.swift in Sources */ = {isa = PBXBuildFile; fileRef = FABFC8F329F1D1D600BE72D2 /* BookMarkCVModel.swift */; };
		FABFC8F629F1DA6500BE72D2 /* DataBaseRequest.swift in Sources */ = {isa = PBXBuildFile; fileRef = FABFC8F529F1DA6500BE72D2 /* DataBaseRequest.swift */; };
		FABFC8F829F48C9E00BE72D2 /* NewsDidSelect.swift in Sources */ = {isa = PBXBuildFile; fileRef = FABFC8F729F48C9E00BE72D2 /* NewsDidSelect.swift */; };
		FABFC8FA29F48CBE00BE72D2 /* NewsDidSelectViewModel.swift in Sources */ = {isa = PBXBuildFile; fileRef = FABFC8F929F48CBE00BE72D2 /* NewsDidSelectViewModel.swift */; };
/* End PBXBuildFile section */

/* Begin PBXFileReference section */
		FA4DEABB29E690C900EE464E /* Nuntium.app */ = {isa = PBXFileReference; explicitFileType = wrapper.application; includeInIndex = 0; path = Nuntium.app; sourceTree = BUILT_PRODUCTS_DIR; };
		FA4DEABE29E690C900EE464E /* AppDelegate.swift */ = {isa = PBXFileReference; lastKnownFileType = sourcecode.swift; path = AppDelegate.swift; sourceTree = "<group>"; };
		FA4DEAC229E690C900EE464E /* HomeVC.swift */ = {isa = PBXFileReference; lastKnownFileType = sourcecode.swift; path = HomeVC.swift; sourceTree = "<group>"; };
		FA4DEAC729E690CF00EE464E /* Assets.xcassets */ = {isa = PBXFileReference; lastKnownFileType = folder.assetcatalog; path = Assets.xcassets; sourceTree = "<group>"; };
		FA4DEACA29E690CF00EE464E /* Base */ = {isa = PBXFileReference; lastKnownFileType = file.storyboard; name = Base; path = Base.lproj/LaunchScreen.storyboard; sourceTree = "<group>"; };
		FA4DEACC29E690CF00EE464E /* Info.plist */ = {isa = PBXFileReference; lastKnownFileType = text.plist.xml; path = Info.plist; sourceTree = "<group>"; };
		FA4DEAD529E6963800EE464E /* Router.swift */ = {isa = PBXFileReference; lastKnownFileType = sourcecode.swift; path = Router.swift; sourceTree = "<group>"; };
		FA4DEAD729E6968200EE464E /* BaseViewController.swift */ = {isa = PBXFileReference; lastKnownFileType = sourcecode.swift; path = BaseViewController.swift; sourceTree = "<group>"; };
		FA4DEAD929E6983A00EE464E /* TabBar.swift */ = {isa = PBXFileReference; lastKnownFileType = sourcecode.swift; path = TabBar.swift; sourceTree = "<group>"; };
		FA4DEADB29E698C400EE464E /* HomeViewModel.swift */ = {isa = PBXFileReference; lastKnownFileType = sourcecode.swift; path = HomeViewModel.swift; sourceTree = "<group>"; };
		FA4DEADD29E6AAFB00EE464E /* InitalVC.swift */ = {isa = PBXFileReference; lastKnownFileType = sourcecode.swift; path = InitalVC.swift; sourceTree = "<group>"; };
		FA4DEADF29E6AB2500EE464E /* GetStartedVC.swift */ = {isa = PBXFileReference; lastKnownFileType = sourcecode.swift; path = GetStartedVC.swift; sourceTree = "<group>"; };
		FA4DEAE429E6AE0800EE464E /* InitialViewModel.swift */ = {isa = PBXFileReference; lastKnownFileType = sourcecode.swift; path = InitialViewModel.swift; sourceTree = "<group>"; };
		FA4DEAE629E6AE3200EE464E /* GetStartedViewModel.swift */ = {isa = PBXFileReference; lastKnownFileType = sourcecode.swift; path = GetStartedViewModel.swift; sourceTree = "<group>"; };
		FA4DEAEA29E6C0AE00EE464E /* InitialCollectionVCell.swift */ = {isa = PBXFileReference; lastKnownFileType = sourcecode.swift; path = InitialCollectionVCell.swift; sourceTree = "<group>"; };
		FA4DEAEC29E7EBEF00EE464E /* LoginVC.swift */ = {isa = PBXFileReference; lastKnownFileType = sourcecode.swift; path = LoginVC.swift; sourceTree = "<group>"; };
		FA4DEAEE29E7EC0900EE464E /* LoginViewModel.swift */ = {isa = PBXFileReference; lastKnownFileType = sourcecode.swift; path = LoginViewModel.swift; sourceTree = "<group>"; };
		FA4DEAF129E7EFBA00EE464E /* UITextfield+Extention.swift */ = {isa = PBXFileReference; lastKnownFileType = sourcecode.swift; path = "UITextfield+Extention.swift"; sourceTree = "<group>"; };
		FA4DEAF329E7FCD100EE464E /* UIButton+Extention.swift */ = {isa = PBXFileReference; lastKnownFileType = sourcecode.swift; path = "UIButton+Extention.swift"; sourceTree = "<group>"; };
		FA4DEAF529E8224000EE464E /* ForgotPasswordVC.swift */ = {isa = PBXFileReference; lastKnownFileType = sourcecode.swift; path = ForgotPasswordVC.swift; sourceTree = "<group>"; };
		FA4DEAF729E8225D00EE464E /* ForgotPasswordViewModel.swift */ = {isa = PBXFileReference; lastKnownFileType = sourcecode.swift; path = ForgotPasswordViewModel.swift; sourceTree = "<group>"; };
		FABFC89829E8848B00BE72D2 /* SignUpVC.swift */ = {isa = PBXFileReference; lastKnownFileType = sourcecode.swift; path = SignUpVC.swift; sourceTree = "<group>"; };
		FABFC89A29E884A800BE72D2 /* SignUpViewModel.swift */ = {isa = PBXFileReference; lastKnownFileType = sourcecode.swift; path = SignUpViewModel.swift; sourceTree = "<group>"; };
		FABFC89C29E8911000BE72D2 /* FavoriteTopicVC.swift */ = {isa = PBXFileReference; lastKnownFileType = sourcecode.swift; path = FavoriteTopicVC.swift; sourceTree = "<group>"; };
		FABFC89E29E8912600BE72D2 /* FavoriteTopicViewModel.swift */ = {isa = PBXFileReference; lastKnownFileType = sourcecode.swift; path = FavoriteTopicViewModel.swift; sourceTree = "<group>"; };
		FABFC8A029E8933F00BE72D2 /* FavoriteCollectionVCell.swift */ = {isa = PBXFileReference; lastKnownFileType = sourcecode.swift; path = FavoriteCollectionVCell.swift; sourceTree = "<group>"; };
		FABFC8A429E9610E00BE72D2 /* HomeCategoryCollectioVCell.swift */ = {isa = PBXFileReference; lastKnownFileType = sourcecode.swift; path = HomeCategoryCollectioVCell.swift; sourceTree = "<group>"; };
		FABFC8A629E9688800BE72D2 /* HomeTopicCategryCollectionVCell.swift */ = {isa = PBXFileReference; lastKnownFileType = sourcecode.swift; path = HomeTopicCategryCollectionVCell.swift; sourceTree = "<group>"; };
		FABFC8AA29E976B900BE72D2 /* HomeRecommendCVCell.swift */ = {isa = PBXFileReference; lastKnownFileType = sourcecode.swift; path = HomeRecommendCVCell.swift; sourceTree = "<group>"; };
		FABFC8AC29E97BEB00BE72D2 /* HomeClickRecommendCVCell.swift */ = {isa = PBXFileReference; lastKnownFileType = sourcecode.swift; path = HomeClickRecommendCVCell.swift; sourceTree = "<group>"; };
		FABFC8AE29EA006900BE72D2 /* CategoryVC.swift */ = {isa = PBXFileReference; lastKnownFileType = sourcecode.swift; path = CategoryVC.swift; sourceTree = "<group>"; };
		FABFC8B029EA008000BE72D2 /* BookmarkVC.swift */ = {isa = PBXFileReference; lastKnownFileType = sourcecode.swift; path = BookmarkVC.swift; sourceTree = "<group>"; };
		FABFC8B229EA009500BE72D2 /* ProfileVC.swift */ = {isa = PBXFileReference; lastKnownFileType = sourcecode.swift; path = ProfileVC.swift; sourceTree = "<group>"; };
		FABFC8B429EA00AD00BE72D2 /* CategoryViewModel.swift */ = {isa = PBXFileReference; lastKnownFileType = sourcecode.swift; path = CategoryViewModel.swift; sourceTree = "<group>"; };
		FABFC8B629EA00CA00BE72D2 /* BookmarkViewModel.swift */ = {isa = PBXFileReference; lastKnownFileType = sourcecode.swift; path = BookmarkViewModel.swift; sourceTree = "<group>"; };
		FABFC8B829EA00E900BE72D2 /* ProfileViewModel.swift */ = {isa = PBXFileReference; lastKnownFileType = sourcecode.swift; path = ProfileViewModel.swift; sourceTree = "<group>"; };
		FABFC8BA29EB402400BE72D2 /* ProfileCollectioVCell.swift */ = {isa = PBXFileReference; lastKnownFileType = sourcecode.swift; path = ProfileCollectioVCell.swift; sourceTree = "<group>"; };
		FABFC8BC29EB418800BE72D2 /* ProfileCVModel.swift */ = {isa = PBXFileReference; lastKnownFileType = sourcecode.swift; path = ProfileCVModel.swift; sourceTree = "<group>"; };
		FABFC8BE29EB4BF100BE72D2 /* LanguageVC.swift */ = {isa = PBXFileReference; lastKnownFileType = sourcecode.swift; path = LanguageVC.swift; sourceTree = "<group>"; };
		FABFC8C029EB4C0500BE72D2 /* TermsVC.swift */ = {isa = PBXFileReference; lastKnownFileType = sourcecode.swift; path = TermsVC.swift; sourceTree = "<group>"; };
		FABFC8C229EB4C1D00BE72D2 /* ChangPasswordVC.swift */ = {isa = PBXFileReference; lastKnownFileType = sourcecode.swift; path = ChangPasswordVC.swift; sourceTree = "<group>"; };
		FABFC8C429EB4CAF00BE72D2 /* AboutUsVC.swift */ = {isa = PBXFileReference; lastKnownFileType = sourcecode.swift; path = AboutUsVC.swift; sourceTree = "<group>"; };
		FABFC8C629EB4CD700BE72D2 /* LanguageViewModel.swift */ = {isa = PBXFileReference; lastKnownFileType = sourcecode.swift; path = LanguageViewModel.swift; sourceTree = "<group>"; };
		FABFC8C829EB4CF800BE72D2 /* ChangePasswordViewModel.swift */ = {isa = PBXFileReference; lastKnownFileType = sourcecode.swift; path = ChangePasswordViewModel.swift; sourceTree = "<group>"; };
		FABFC8CA29EB4D1700BE72D2 /* TermsViewModel.swift */ = {isa = PBXFileReference; lastKnownFileType = sourcecode.swift; path = TermsViewModel.swift; sourceTree = "<group>"; };
		FABFC8CC29EB4D3300BE72D2 /* AboutUsViewModel.swift */ = {isa = PBXFileReference; lastKnownFileType = sourcecode.swift; path = AboutUsViewModel.swift; sourceTree = "<group>"; };
		FABFC8D929ED25A700BE72D2 /* GoogleService-Info.plist */ = {isa = PBXFileReference; fileEncoding = 4; lastKnownFileType = text.plist.xml; path = "GoogleService-Info.plist"; sourceTree = "<group>"; };
		FABFC8DC29ED25F400BE72D2 /* AuthRequest.swift */ = {isa = PBXFileReference; lastKnownFileType = sourcecode.swift; path = AuthRequest.swift; sourceTree = "<group>"; };
		FABFC8E429EEC6E900BE72D2 /* StorageRequest.swift */ = {isa = PBXFileReference; lastKnownFileType = sourcecode.swift; path = StorageRequest.swift; sourceTree = "<group>"; };
		FABFC8EC29F11CC300BE72D2 /* Nuntium.entitlements */ = {isa = PBXFileReference; lastKnownFileType = text.plist.entitlements; path = Nuntium.entitlements; sourceTree = "<group>"; };
		FABFC8ED29F1393100BE72D2 /* NewsDTO.swift */ = {isa = PBXFileReference; lastKnownFileType = sourcecode.swift; path = NewsDTO.swift; sourceTree = "<group>"; };
		FABFC8EF29F13AFC00BE72D2 /* NewsRequest.swift */ = {isa = PBXFileReference; lastKnownFileType = sourcecode.swift; path = NewsRequest.swift; sourceTree = "<group>"; };
		FABFC8F329F1D1D600BE72D2 /* BookMarkCVModel.swift */ = {isa = PBXFileReference; fileEncoding = 4; lastKnownFileType = sourcecode.swift; path = BookMarkCVModel.swift; sourceTree = "<group>"; };
		FABFC8F529F1DA6500BE72D2 /* DataBaseRequest.swift */ = {isa = PBXFileReference; lastKnownFileType = sourcecode.swift; path = DataBaseRequest.swift; sourceTree = "<group>"; };
		FABFC8F729F48C9E00BE72D2 /* NewsDidSelect.swift */ = {isa = PBXFileReference; lastKnownFileType = sourcecode.swift; path = NewsDidSelect.swift; sourceTree = "<group>"; };
		FABFC8F929F48CBE00BE72D2 /* NewsDidSelectViewModel.swift */ = {isa = PBXFileReference; lastKnownFileType = sourcecode.swift; path = NewsDidSelectViewModel.swift; sourceTree = "<group>"; };
/* End PBXFileReference section */

/* Begin PBXFrameworksBuildPhase section */
		FA4DEAB829E690C900EE464E /* Frameworks */ = {
			isa = PBXFrameworksBuildPhase;
			buildActionMask = 2147483647;
			files = (
				FABFC8D229ED256D00BE72D2 /* FirebaseDatabase in Frameworks */,
				FABFC8E329ED270B00BE72D2 /* Alamofire in Frameworks */,
				FABFC8D429ED256D00BE72D2 /* FirebaseFirestore in Frameworks */,
				FABFC8E029ED268F00BE72D2 /* Promises in Frameworks */,
				FABFC8D629ED256D00BE72D2 /* FirebaseMessaging in Frameworks */,
				FA4DEAE329E6AD6100EE464E /* SnapKit in Frameworks */,
				FABFC8D029ED256D00BE72D2 /* FirebaseAuth in Frameworks */,
				FABFC8D829ED256D00BE72D2 /* FirebaseStorage in Frameworks */,
				FABFC8E829EFEB4100BE72D2 /* GoogleSignIn in Frameworks */,
			);
			runOnlyForDeploymentPostprocessing = 0;
		};
/* End PBXFrameworksBuildPhase section */

/* Begin PBXGroup section */
		FA4DEAB229E690C900EE464E = {
			isa = PBXGroup;
			children = (
				FA4DEABD29E690C900EE464E /* Nuntium */,
				FA4DEABC29E690C900EE464E /* Products */,
			);
			sourceTree = "<group>";
		};
		FA4DEABC29E690C900EE464E /* Products */ = {
			isa = PBXGroup;
			children = (
				FA4DEABB29E690C900EE464E /* Nuntium.app */,
			);
			name = Products;
			sourceTree = "<group>";
		};
		FA4DEABD29E690C900EE464E /* Nuntium */ = {
			isa = PBXGroup;
			children = (
				FABFC8EC29F11CC300BE72D2 /* Nuntium.entitlements */,
				FABFC8DB29ED25D600BE72D2 /* Remote */,
				FA4DEAF029E7EF9800EE464E /* Helper */,
				FA4DEAD429E695B300EE464E /* Viewmodel */,
				FA4DEAD329E695A900EE464E /* Model */,
				FA4DEAD229E6959E00EE464E /* View */,
				FA4DEAD529E6963800EE464E /* Router.swift */,
				FA4DEAD729E6968200EE464E /* BaseViewController.swift */,
				FA4DEABE29E690C900EE464E /* AppDelegate.swift */,
				FA4DEAC929E690CF00EE464E /* LaunchScreen.storyboard */,
				FA4DEAC729E690CF00EE464E /* Assets.xcassets */,
				FA4DEACC29E690CF00EE464E /* Info.plist */,
				FABFC8D929ED25A700BE72D2 /* GoogleService-Info.plist */,
			);
			path = Nuntium;
			sourceTree = "<group>";
		};
		FA4DEAD229E6959E00EE464E /* View */ = {
			isa = PBXGroup;
			children = (
				FA4DEAE929E6BEF900EE464E /* viewcontrollers */,
				FA4DEAE829E6BEF000EE464E /* views */,
			);
			path = View;
			sourceTree = "<group>";
		};
		FA4DEAD329E695A900EE464E /* Model */ = {
			isa = PBXGroup;
			children = (
				FABFC8F329F1D1D600BE72D2 /* BookMarkCVModel.swift */,
				FABFC8BC29EB418800BE72D2 /* ProfileCVModel.swift */,
				FABFC8ED29F1393100BE72D2 /* NewsDTO.swift */,
			);
			path = Model;
			sourceTree = "<group>";
		};
		FA4DEAD429E695B300EE464E /* Viewmodel */ = {
			isa = PBXGroup;
			children = (
				FA4DEADB29E698C400EE464E /* HomeViewModel.swift */,
				FA4DEAE429E6AE0800EE464E /* InitialViewModel.swift */,
				FA4DEAE629E6AE3200EE464E /* GetStartedViewModel.swift */,
				FA4DEAEE29E7EC0900EE464E /* LoginViewModel.swift */,
				FA4DEAF729E8225D00EE464E /* ForgotPasswordViewModel.swift */,
				FABFC89A29E884A800BE72D2 /* SignUpViewModel.swift */,
				FABFC89E29E8912600BE72D2 /* FavoriteTopicViewModel.swift */,
				FABFC8B429EA00AD00BE72D2 /* CategoryViewModel.swift */,
				FABFC8B629EA00CA00BE72D2 /* BookmarkViewModel.swift */,
				FABFC8B829EA00E900BE72D2 /* ProfileViewModel.swift */,
				FABFC8C629EB4CD700BE72D2 /* LanguageViewModel.swift */,
				FABFC8C829EB4CF800BE72D2 /* ChangePasswordViewModel.swift */,
				FABFC8CA29EB4D1700BE72D2 /* TermsViewModel.swift */,
				FABFC8CC29EB4D3300BE72D2 /* AboutUsViewModel.swift */,
				FABFC8F929F48CBE00BE72D2 /* NewsDidSelectViewModel.swift */,
			);
			path = Viewmodel;
			sourceTree = "<group>";
		};
		FA4DEAE829E6BEF000EE464E /* views */ = {
			isa = PBXGroup;
			children = (
				FA4DEAEA29E6C0AE00EE464E /* InitialCollectionVCell.swift */,
				FABFC8A029E8933F00BE72D2 /* FavoriteCollectionVCell.swift */,
				FABFC8A429E9610E00BE72D2 /* HomeCategoryCollectioVCell.swift */,
				FABFC8A629E9688800BE72D2 /* HomeTopicCategryCollectionVCell.swift */,
				FABFC8AA29E976B900BE72D2 /* HomeRecommendCVCell.swift */,
				FABFC8AC29E97BEB00BE72D2 /* HomeClickRecommendCVCell.swift */,
				FABFC8BA29EB402400BE72D2 /* ProfileCollectioVCell.swift */,
			);
			path = views;
			sourceTree = "<group>";
		};
		FA4DEAE929E6BEF900EE464E /* viewcontrollers */ = {
			isa = PBXGroup;
			children = (
				FA4DEAD929E6983A00EE464E /* TabBar.swift */,
				FA4DEADD29E6AAFB00EE464E /* InitalVC.swift */,
				FA4DEADF29E6AB2500EE464E /* GetStartedVC.swift */,
				FA4DEAC229E690C900EE464E /* HomeVC.swift */,
				FA4DEAEC29E7EBEF00EE464E /* LoginVC.swift */,
				FA4DEAF529E8224000EE464E /* ForgotPasswordVC.swift */,
				FABFC89829E8848B00BE72D2 /* SignUpVC.swift */,
				FABFC89C29E8911000BE72D2 /* FavoriteTopicVC.swift */,
				FABFC8AE29EA006900BE72D2 /* CategoryVC.swift */,
				FABFC8B029EA008000BE72D2 /* BookmarkVC.swift */,
				FABFC8B229EA009500BE72D2 /* ProfileVC.swift */,
				FABFC8BE29EB4BF100BE72D2 /* LanguageVC.swift */,
				FABFC8C029EB4C0500BE72D2 /* TermsVC.swift */,
				FABFC8C229EB4C1D00BE72D2 /* ChangPasswordVC.swift */,
				FABFC8C429EB4CAF00BE72D2 /* AboutUsVC.swift */,
				FABFC8F729F48C9E00BE72D2 /* NewsDidSelect.swift */,
			);
			path = viewcontrollers;
			sourceTree = "<group>";
		};
		FA4DEAF029E7EF9800EE464E /* Helper */ = {
			isa = PBXGroup;
			children = (
				FA4DEAF129E7EFBA00EE464E /* UITextfield+Extention.swift */,
				FA4DEAF329E7FCD100EE464E /* UIButton+Extention.swift */,
			);
			path = Helper;
			sourceTree = "<group>";
		};
		FABFC8DB29ED25D600BE72D2 /* Remote */ = {
			isa = PBXGroup;
			children = (
				FABFC8DC29ED25F400BE72D2 /* AuthRequest.swift */,
				FABFC8E429EEC6E900BE72D2 /* StorageRequest.swift */,
				FABFC8EF29F13AFC00BE72D2 /* NewsRequest.swift */,
				FABFC8F529F1DA6500BE72D2 /* DataBaseRequest.swift */,
			);
			path = Remote;
			sourceTree = "<group>";
		};
/* End PBXGroup section */

/* Begin PBXNativeTarget section */
		FA4DEABA29E690C900EE464E /* Nuntium */ = {
			isa = PBXNativeTarget;
			buildConfigurationList = FA4DEACF29E690CF00EE464E /* Build configuration list for PBXNativeTarget "Nuntium" */;
			buildPhases = (
				FA4DEAB729E690C900EE464E /* Sources */,
				FA4DEAB829E690C900EE464E /* Frameworks */,
				FA4DEAB929E690C900EE464E /* Resources */,
			);
			buildRules = (
			);
			dependencies = (
			);
			name = Nuntium;
			packageProductDependencies = (
				FA4DEAE229E6AD6100EE464E /* SnapKit */,
				FABFC8CF29ED256D00BE72D2 /* FirebaseAuth */,
				FABFC8D129ED256D00BE72D2 /* FirebaseDatabase */,
				FABFC8D329ED256D00BE72D2 /* FirebaseFirestore */,
				FABFC8D529ED256D00BE72D2 /* FirebaseMessaging */,
				FABFC8D729ED256D00BE72D2 /* FirebaseStorage */,
				FABFC8DF29ED268F00BE72D2 /* Promises */,
				FABFC8E229ED270B00BE72D2 /* Alamofire */,
				FABFC8E729EFEB4100BE72D2 /* GoogleSignIn */,
			);
			productName = Nuntium;
			productReference = FA4DEABB29E690C900EE464E /* Nuntium.app */;
			productType = "com.apple.product-type.application";
		};
/* End PBXNativeTarget section */

/* Begin PBXProject section */
		FA4DEAB329E690C900EE464E /* Project object */ = {
			isa = PBXProject;
			attributes = {
				BuildIndependentTargetsInParallel = 1;
				LastSwiftUpdateCheck = 1420;
				LastUpgradeCheck = 1420;
				TargetAttributes = {
					FA4DEABA29E690C900EE464E = {
						CreatedOnToolsVersion = 14.2;
					};
				};
			};
			buildConfigurationList = FA4DEAB629E690C900EE464E /* Build configuration list for PBXProject "Nuntium" */;
			compatibilityVersion = "Xcode 14.0";
			developmentRegion = en;
			hasScannedForEncodings = 0;
			knownRegions = (
				en,
				Base,
			);
			mainGroup = FA4DEAB229E690C900EE464E;
			packageReferences = (
				FA4DEAE129E6AD6000EE464E /* XCRemoteSwiftPackageReference "SnapKit" */,
				FABFC8CE29ED256D00BE72D2 /* XCRemoteSwiftPackageReference "firebase-ios-sdk" */,
				FABFC8DE29ED268F00BE72D2 /* XCRemoteSwiftPackageReference "promises" */,
				FABFC8E129ED270B00BE72D2 /* XCRemoteSwiftPackageReference "Alamofire" */,
				FABFC8E629EFEB4100BE72D2 /* XCRemoteSwiftPackageReference "GoogleSignIn-iOS" */,
			);
			productRefGroup = FA4DEABC29E690C900EE464E /* Products */;
			projectDirPath = "";
			projectRoot = "";
			targets = (
				FA4DEABA29E690C900EE464E /* Nuntium */,
			);
		};
/* End PBXProject section */

/* Begin PBXResourcesBuildPhase section */
		FA4DEAB929E690C900EE464E /* Resources */ = {
			isa = PBXResourcesBuildPhase;
			buildActionMask = 2147483647;
			files = (
				FA4DEACB29E690CF00EE464E /* LaunchScreen.storyboard in Resources */,
				FA4DEAC829E690CF00EE464E /* Assets.xcassets in Resources */,
				FABFC8DA29ED25A800BE72D2 /* GoogleService-Info.plist in Resources */,
			);
			runOnlyForDeploymentPostprocessing = 0;
		};
/* End PBXResourcesBuildPhase section */

/* Begin PBXSourcesBuildPhase section */
		FA4DEAB729E690C900EE464E /* Sources */ = {
			isa = PBXSourcesBuildPhase;
			buildActionMask = 2147483647;
			files = (
				FABFC8BF29EB4BF100BE72D2 /* LanguageVC.swift in Sources */,
				FABFC8A729E9688800BE72D2 /* HomeTopicCategryCollectionVCell.swift in Sources */,
				FABFC8AF29EA006900BE72D2 /* CategoryVC.swift in Sources */,
				FABFC8CB29EB4D1700BE72D2 /* TermsViewModel.swift in Sources */,
				FABFC89D29E8911000BE72D2 /* FavoriteTopicVC.swift in Sources */,
				FABFC8AD29E97BEB00BE72D2 /* HomeClickRecommendCVCell.swift in Sources */,
				FABFC8F829F48C9E00BE72D2 /* NewsDidSelect.swift in Sources */,
				FABFC8E529EEC6E900BE72D2 /* StorageRequest.swift in Sources */,
				FA4DEAF229E7EFBA00EE464E /* UITextfield+Extention.swift in Sources */,
				FA4DEAC329E690C900EE464E /* HomeVC.swift in Sources */,
				FABFC8B529EA00AD00BE72D2 /* CategoryViewModel.swift in Sources */,
				FA4DEAEB29E6C0AE00EE464E /* InitialCollectionVCell.swift in Sources */,
				FA4DEAF629E8224000EE464E /* ForgotPasswordVC.swift in Sources */,
				FA4DEAED29E7EBF000EE464E /* LoginVC.swift in Sources */,
				FABFC8AB29E976B900BE72D2 /* HomeRecommendCVCell.swift in Sources */,
				FABFC8B729EA00CA00BE72D2 /* BookmarkViewModel.swift in Sources */,
				FABFC8DD29ED25F400BE72D2 /* AuthRequest.swift in Sources */,
				FABFC8C729EB4CD700BE72D2 /* LanguageViewModel.swift in Sources */,
				FA4DEADC29E698C400EE464E /* HomeViewModel.swift in Sources */,
				FABFC8BB29EB402500BE72D2 /* ProfileCollectioVCell.swift in Sources */,
				FABFC8C329EB4C1D00BE72D2 /* ChangPasswordVC.swift in Sources */,
				FABFC8C529EB4CAF00BE72D2 /* AboutUsVC.swift in Sources */,
				FA4DEAD829E6968200EE464E /* BaseViewController.swift in Sources */,
				FA4DEAE729E6AE3200EE464E /* GetStartedViewModel.swift in Sources */,
				FA4DEAF429E7FCD100EE464E /* UIButton+Extention.swift in Sources */,
				FABFC8BD29EB418800BE72D2 /* ProfileCVModel.swift in Sources */,
				FA4DEAD629E6963800EE464E /* Router.swift in Sources */,
				FABFC89B29E884A800BE72D2 /* SignUpViewModel.swift in Sources */,
				FABFC89929E8848C00BE72D2 /* SignUpVC.swift in Sources */,
				FA4DEADE29E6AAFC00EE464E /* InitalVC.swift in Sources */,
				FABFC89F29E8912600BE72D2 /* FavoriteTopicViewModel.swift in Sources */,
				FABFC8B929EA00E900BE72D2 /* ProfileViewModel.swift in Sources */,
				FA4DEAEF29E7EC0900EE464E /* LoginViewModel.swift in Sources */,
				FABFC8A529E9610E00BE72D2 /* HomeCategoryCollectioVCell.swift in Sources */,
				FABFC8EE29F1393100BE72D2 /* NewsDTO.swift in Sources */,
				FABFC8CD29EB4D3300BE72D2 /* AboutUsViewModel.swift in Sources */,
				FABFC8F429F1D1D600BE72D2 /* BookMarkCVModel.swift in Sources */,
				FA4DEAF829E8225D00EE464E /* ForgotPasswordViewModel.swift in Sources */,
				FA4DEAE529E6AE0800EE464E /* InitialViewModel.swift in Sources */,
				FABFC8F029F13AFC00BE72D2 /* NewsRequest.swift in Sources */,
				FA4DEAE029E6AB2500EE464E /* GetStartedVC.swift in Sources */,
				FA4DEABF29E690C900EE464E /* AppDelegate.swift in Sources */,
				FABFC8B329EA009500BE72D2 /* ProfileVC.swift in Sources */,
				FABFC8C929EB4CF800BE72D2 /* ChangePasswordViewModel.swift in Sources */,
				FABFC8C129EB4C0500BE72D2 /* TermsVC.swift in Sources */,
				FABFC8A129E8933F00BE72D2 /* FavoriteCollectionVCell.swift in Sources */,
				FA4DEADA29E6983A00EE464E /* TabBar.swift in Sources */,
				FABFC8FA29F48CBE00BE72D2 /* NewsDidSelectViewModel.swift in Sources */,
				FABFC8F629F1DA6500BE72D2 /* DataBaseRequest.swift in Sources */,
				FABFC8B129EA008000BE72D2 /* BookmarkVC.swift in Sources */,
			);
			runOnlyForDeploymentPostprocessing = 0;
		};
/* End PBXSourcesBuildPhase section */

/* Begin PBXVariantGroup section */
		FA4DEAC929E690CF00EE464E /* LaunchScreen.storyboard */ = {
			isa = PBXVariantGroup;
			children = (
				FA4DEACA29E690CF00EE464E /* Base */,
			);
			name = LaunchScreen.storyboard;
			sourceTree = "<group>";
		};
/* End PBXVariantGroup section */

/* Begin XCBuildConfiguration section */
		FA4DEACD29E690CF00EE464E /* Debug */ = {
			isa = XCBuildConfiguration;
			buildSettings = {
				ALWAYS_SEARCH_USER_PATHS = NO;
				CLANG_ANALYZER_NONNULL = YES;
				CLANG_ANALYZER_NUMBER_OBJECT_CONVERSION = YES_AGGRESSIVE;
				CLANG_CXX_LANGUAGE_STANDARD = "gnu++20";
				CLANG_ENABLE_MODULES = YES;
				CLANG_ENABLE_OBJC_ARC = YES;
				CLANG_ENABLE_OBJC_WEAK = YES;
				CLANG_WARN_BLOCK_CAPTURE_AUTORELEASING = YES;
				CLANG_WARN_BOOL_CONVERSION = YES;
				CLANG_WARN_COMMA = YES;
				CLANG_WARN_CONSTANT_CONVERSION = YES;
				CLANG_WARN_DEPRECATED_OBJC_IMPLEMENTATIONS = YES;
				CLANG_WARN_DIRECT_OBJC_ISA_USAGE = YES_ERROR;
				CLANG_WARN_DOCUMENTATION_COMMENTS = YES;
				CLANG_WARN_EMPTY_BODY = YES;
				CLANG_WARN_ENUM_CONVERSION = YES;
				CLANG_WARN_INFINITE_RECURSION = YES;
				CLANG_WARN_INT_CONVERSION = YES;
				CLANG_WARN_NON_LITERAL_NULL_CONVERSION = YES;
				CLANG_WARN_OBJC_IMPLICIT_RETAIN_SELF = YES;
				CLANG_WARN_OBJC_LITERAL_CONVERSION = YES;
				CLANG_WARN_OBJC_ROOT_CLASS = YES_ERROR;
				CLANG_WARN_QUOTED_INCLUDE_IN_FRAMEWORK_HEADER = YES;
				CLANG_WARN_RANGE_LOOP_ANALYSIS = YES;
				CLANG_WARN_STRICT_PROTOTYPES = YES;
				CLANG_WARN_SUSPICIOUS_MOVE = YES;
				CLANG_WARN_UNGUARDED_AVAILABILITY = YES_AGGRESSIVE;
				CLANG_WARN_UNREACHABLE_CODE = YES;
				CLANG_WARN__DUPLICATE_METHOD_MATCH = YES;
				COPY_PHASE_STRIP = NO;
				DEBUG_INFORMATION_FORMAT = dwarf;
				ENABLE_STRICT_OBJC_MSGSEND = YES;
				ENABLE_TESTABILITY = YES;
				GCC_C_LANGUAGE_STANDARD = gnu11;
				GCC_DYNAMIC_NO_PIC = NO;
				GCC_NO_COMMON_BLOCKS = YES;
				GCC_OPTIMIZATION_LEVEL = 0;
				GCC_PREPROCESSOR_DEFINITIONS = (
					"DEBUG=1",
					"$(inherited)",
				);
				GCC_WARN_64_TO_32_BIT_CONVERSION = YES;
				GCC_WARN_ABOUT_RETURN_TYPE = YES_ERROR;
				GCC_WARN_UNDECLARED_SELECTOR = YES;
				GCC_WARN_UNINITIALIZED_AUTOS = YES_AGGRESSIVE;
				GCC_WARN_UNUSED_FUNCTION = YES;
				GCC_WARN_UNUSED_VARIABLE = YES;
				IPHONEOS_DEPLOYMENT_TARGET = 16.2;
				MTL_ENABLE_DEBUG_INFO = INCLUDE_SOURCE;
				MTL_FAST_MATH = YES;
				ONLY_ACTIVE_ARCH = YES;
				SDKROOT = iphoneos;
				SWIFT_ACTIVE_COMPILATION_CONDITIONS = DEBUG;
				SWIFT_OPTIMIZATION_LEVEL = "-Onone";
			};
			name = Debug;
		};
		FA4DEACE29E690CF00EE464E /* Release */ = {
			isa = XCBuildConfiguration;
			buildSettings = {
				ALWAYS_SEARCH_USER_PATHS = NO;
				CLANG_ANALYZER_NONNULL = YES;
				CLANG_ANALYZER_NUMBER_OBJECT_CONVERSION = YES_AGGRESSIVE;
				CLANG_CXX_LANGUAGE_STANDARD = "gnu++20";
				CLANG_ENABLE_MODULES = YES;
				CLANG_ENABLE_OBJC_ARC = YES;
				CLANG_ENABLE_OBJC_WEAK = YES;
				CLANG_WARN_BLOCK_CAPTURE_AUTORELEASING = YES;
				CLANG_WARN_BOOL_CONVERSION = YES;
				CLANG_WARN_COMMA = YES;
				CLANG_WARN_CONSTANT_CONVERSION = YES;
				CLANG_WARN_DEPRECATED_OBJC_IMPLEMENTATIONS = YES;
				CLANG_WARN_DIRECT_OBJC_ISA_USAGE = YES_ERROR;
				CLANG_WARN_DOCUMENTATION_COMMENTS = YES;
				CLANG_WARN_EMPTY_BODY = YES;
				CLANG_WARN_ENUM_CONVERSION = YES;
				CLANG_WARN_INFINITE_RECURSION = YES;
				CLANG_WARN_INT_CONVERSION = YES;
				CLANG_WARN_NON_LITERAL_NULL_CONVERSION = YES;
				CLANG_WARN_OBJC_IMPLICIT_RETAIN_SELF = YES;
				CLANG_WARN_OBJC_LITERAL_CONVERSION = YES;
				CLANG_WARN_OBJC_ROOT_CLASS = YES_ERROR;
				CLANG_WARN_QUOTED_INCLUDE_IN_FRAMEWORK_HEADER = YES;
				CLANG_WARN_RANGE_LOOP_ANALYSIS = YES;
				CLANG_WARN_STRICT_PROTOTYPES = YES;
				CLANG_WARN_SUSPICIOUS_MOVE = YES;
				CLANG_WARN_UNGUARDED_AVAILABILITY = YES_AGGRESSIVE;
				CLANG_WARN_UNREACHABLE_CODE = YES;
				CLANG_WARN__DUPLICATE_METHOD_MATCH = YES;
				COPY_PHASE_STRIP = NO;
				DEBUG_INFORMATION_FORMAT = "dwarf-with-dsym";
				ENABLE_NS_ASSERTIONS = NO;
				ENABLE_STRICT_OBJC_MSGSEND = YES;
				GCC_C_LANGUAGE_STANDARD = gnu11;
				GCC_NO_COMMON_BLOCKS = YES;
				GCC_WARN_64_TO_32_BIT_CONVERSION = YES;
				GCC_WARN_ABOUT_RETURN_TYPE = YES_ERROR;
				GCC_WARN_UNDECLARED_SELECTOR = YES;
				GCC_WARN_UNINITIALIZED_AUTOS = YES_AGGRESSIVE;
				GCC_WARN_UNUSED_FUNCTION = YES;
				GCC_WARN_UNUSED_VARIABLE = YES;
				IPHONEOS_DEPLOYMENT_TARGET = 16.2;
				MTL_ENABLE_DEBUG_INFO = NO;
				MTL_FAST_MATH = YES;
				SDKROOT = iphoneos;
				SWIFT_COMPILATION_MODE = wholemodule;
				SWIFT_OPTIMIZATION_LEVEL = "-O";
				VALIDATE_PRODUCT = YES;
			};
			name = Release;
		};
		FA4DEAD029E690CF00EE464E /* Debug */ = {
			isa = XCBuildConfiguration;
			buildSettings = {
				ASSETCATALOG_COMPILER_APPICON_NAME = AppIcon;
				ASSETCATALOG_COMPILER_GLOBAL_ACCENT_COLOR_NAME = AccentColor;
				CODE_SIGN_ENTITLEMENTS = Nuntium/Nuntium.entitlements;
				CODE_SIGN_STYLE = Automatic;
				CURRENT_PROJECT_VERSION = 1;
				DEVELOPMENT_TEAM = "";
				GENERATE_INFOPLIST_FILE = YES;
				INFOPLIST_FILE = Nuntium/Info.plist;
				INFOPLIST_KEY_UIApplicationSupportsIndirectInputEvents = YES;
				INFOPLIST_KEY_UILaunchStoryboardName = LaunchScreen;
				INFOPLIST_KEY_UISupportedInterfaceOrientations_iPad = "UIInterfaceOrientationPortrait UIInterfaceOrientationPortraitUpsideDown UIInterfaceOrientationLandscapeLeft UIInterfaceOrientationLandscapeRight";
				INFOPLIST_KEY_UISupportedInterfaceOrientations_iPhone = "UIInterfaceOrientationPortrait UIInterfaceOrientationLandscapeLeft UIInterfaceOrientationLandscapeRight";
				LD_RUNPATH_SEARCH_PATHS = (
					"$(inherited)",
					"@executable_path/Frameworks",
				);
				MARKETING_VERSION = 1.0;
				PRODUCT_BUNDLE_IDENTIFIER = welcome2023.Nuntium;
				PRODUCT_NAME = "$(TARGET_NAME)";
				SUPPORTED_PLATFORMS = "iphoneos iphonesimulator";
				SUPPORTS_MACCATALYST = NO;
				SUPPORTS_MAC_DESIGNED_FOR_IPHONE_IPAD = NO;
				SWIFT_EMIT_LOC_STRINGS = YES;
				SWIFT_VERSION = 5.0;
				TARGETED_DEVICE_FAMILY = 1;
			};
			name = Debug;
		};
		FA4DEAD129E690CF00EE464E /* Release */ = {
			isa = XCBuildConfiguration;
			buildSettings = {
				ASSETCATALOG_COMPILER_APPICON_NAME = AppIcon;
				ASSETCATALOG_COMPILER_GLOBAL_ACCENT_COLOR_NAME = AccentColor;
				CODE_SIGN_ENTITLEMENTS = Nuntium/Nuntium.entitlements;
				CODE_SIGN_STYLE = Automatic;
				CURRENT_PROJECT_VERSION = 1;
				DEVELOPMENT_TEAM = "";
				GENERATE_INFOPLIST_FILE = YES;
				INFOPLIST_FILE = Nuntium/Info.plist;
				INFOPLIST_KEY_UIApplicationSupportsIndirectInputEvents = YES;
				INFOPLIST_KEY_UILaunchStoryboardName = LaunchScreen;
				INFOPLIST_KEY_UISupportedInterfaceOrientations_iPad = "UIInterfaceOrientationPortrait UIInterfaceOrientationPortraitUpsideDown UIInterfaceOrientationLandscapeLeft UIInterfaceOrientationLandscapeRight";
				INFOPLIST_KEY_UISupportedInterfaceOrientations_iPhone = "UIInterfaceOrientationPortrait UIInterfaceOrientationLandscapeLeft UIInterfaceOrientationLandscapeRight";
				LD_RUNPATH_SEARCH_PATHS = (
					"$(inherited)",
					"@executable_path/Frameworks",
				);
				MARKETING_VERSION = 1.0;
				PRODUCT_BUNDLE_IDENTIFIER = welcome2023.Nuntium;
				PRODUCT_NAME = "$(TARGET_NAME)";
				SUPPORTED_PLATFORMS = "iphoneos iphonesimulator";
				SUPPORTS_MACCATALYST = NO;
				SUPPORTS_MAC_DESIGNED_FOR_IPHONE_IPAD = NO;
				SWIFT_EMIT_LOC_STRINGS = YES;
				SWIFT_VERSION = 5.0;
				TARGETED_DEVICE_FAMILY = 1;
			};
			name = Release;
		};
/* End XCBuildConfiguration section */

/* Begin XCConfigurationList section */
		FA4DEAB629E690C900EE464E /* Build configuration list for PBXProject "Nuntium" */ = {
			isa = XCConfigurationList;
			buildConfigurations = (
				FA4DEACD29E690CF00EE464E /* Debug */,
				FA4DEACE29E690CF00EE464E /* Release */,
			);
			defaultConfigurationIsVisible = 0;
			defaultConfigurationName = Release;
		};
		FA4DEACF29E690CF00EE464E /* Build configuration list for PBXNativeTarget "Nuntium" */ = {
			isa = XCConfigurationList;
			buildConfigurations = (
				FA4DEAD029E690CF00EE464E /* Debug */,
				FA4DEAD129E690CF00EE464E /* Release */,
			);
			defaultConfigurationIsVisible = 0;
			defaultConfigurationName = Release;
		};
/* End XCConfigurationList section */

/* Begin XCRemoteSwiftPackageReference section */
		FA4DEAE129E6AD6000EE464E /* XCRemoteSwiftPackageReference "SnapKit" */ = {
			isa = XCRemoteSwiftPackageReference;
			repositoryURL = "https://github.com/SnapKit/SnapKit";
			requirement = {
				branch = develop;
				kind = branch;
			};
		};
		FABFC8CE29ED256D00BE72D2 /* XCRemoteSwiftPackageReference "firebase-ios-sdk" */ = {
			isa = XCRemoteSwiftPackageReference;
			repositoryURL = "https://github.com/firebase/firebase-ios-sdk";
			requirement = {
				branch = master;
				kind = branch;
			};
		};
		FABFC8DE29ED268F00BE72D2 /* XCRemoteSwiftPackageReference "promises" */ = {
			isa = XCRemoteSwiftPackageReference;
			repositoryURL = "https://github.com/google/promises";
			requirement = {
				kind = upToNextMajorVersion;
				minimumVersion = 2.0.0;
			};
		};
		FABFC8E129ED270B00BE72D2 /* XCRemoteSwiftPackageReference "Alamofire" */ = {
			isa = XCRemoteSwiftPackageReference;
			repositoryURL = "https://github.com/Alamofire/Alamofire";
			requirement = {
				kind = upToNextMajorVersion;
				minimumVersion = 5.0.0;
			};
		};
		FABFC8E629EFEB4100BE72D2 /* XCRemoteSwiftPackageReference "GoogleSignIn-iOS" */ = {
			isa = XCRemoteSwiftPackageReference;
			repositoryURL = "https://github.com/google/GoogleSignIn-iOS";
			requirement = {
				kind = upToNextMajorVersion;
				minimumVersion = 7.0.0;
			};
		};
/* End XCRemoteSwiftPackageReference section */

/* Begin XCSwiftPackageProductDependency section */
		FA4DEAE229E6AD6100EE464E /* SnapKit */ = {
			isa = XCSwiftPackageProductDependency;
			package = FA4DEAE129E6AD6000EE464E /* XCRemoteSwiftPackageReference "SnapKit" */;
			productName = SnapKit;
		};
		FABFC8CF29ED256D00BE72D2 /* FirebaseAuth */ = {
			isa = XCSwiftPackageProductDependency;
			package = FABFC8CE29ED256D00BE72D2 /* XCRemoteSwiftPackageReference "firebase-ios-sdk" */;
			productName = FirebaseAuth;
		};
		FABFC8D129ED256D00BE72D2 /* FirebaseDatabase */ = {
			isa = XCSwiftPackageProductDependency;
			package = FABFC8CE29ED256D00BE72D2 /* XCRemoteSwiftPackageReference "firebase-ios-sdk" */;
			productName = FirebaseDatabase;
		};
		FABFC8D329ED256D00BE72D2 /* FirebaseFirestore */ = {
			isa = XCSwiftPackageProductDependency;
			package = FABFC8CE29ED256D00BE72D2 /* XCRemoteSwiftPackageReference "firebase-ios-sdk" */;
			productName = FirebaseFirestore;
		};
		FABFC8D529ED256D00BE72D2 /* FirebaseMessaging */ = {
			isa = XCSwiftPackageProductDependency;
			package = FABFC8CE29ED256D00BE72D2 /* XCRemoteSwiftPackageReference "firebase-ios-sdk" */;
			productName = FirebaseMessaging;
		};
		FABFC8D729ED256D00BE72D2 /* FirebaseStorage */ = {
			isa = XCSwiftPackageProductDependency;
			package = FABFC8CE29ED256D00BE72D2 /* XCRemoteSwiftPackageReference "firebase-ios-sdk" */;
			productName = FirebaseStorage;
		};
		FABFC8DF29ED268F00BE72D2 /* Promises */ = {
			isa = XCSwiftPackageProductDependency;
			package = FABFC8DE29ED268F00BE72D2 /* XCRemoteSwiftPackageReference "promises" */;
			productName = Promises;
		};
		FABFC8E229ED270B00BE72D2 /* Alamofire */ = {
			isa = XCSwiftPackageProductDependency;
			package = FABFC8E129ED270B00BE72D2 /* XCRemoteSwiftPackageReference "Alamofire" */;
			productName = Alamofire;
		};
		FABFC8E729EFEB4100BE72D2 /* GoogleSignIn */ = {
			isa = XCSwiftPackageProductDependency;
			package = FABFC8E629EFEB4100BE72D2 /* XCRemoteSwiftPackageReference "GoogleSignIn-iOS" */;
			productName = GoogleSignIn;
		};
/* End XCSwiftPackageProductDependency section */
	};
	rootObject = FA4DEAB329E690C900EE464E /* Project object */;
}
